{
  "nodes": {
    "flake-utils": {
      "inputs": {
        "systems": "systems"
      },
      "locked": {
        "lastModified": 1710146030,
        "narHash": "sha256-SZ5L6eA7HJ/nmkzGG7/ISclqe6oZdOZTNoesiInkXPQ=",
        "owner": "numtide",
        "repo": "flake-utils",
        "rev": "b1d9ab70662946ef0850d488da1c9019f3a9752a",
        "type": "github"
      },
      "original": {
        "id": "flake-utils",
        "type": "indirect"
      }
    },
    "google-styleguide": {
      "flake": false,
      "locked": {
        "lastModified": 1721143194,
        "narHash": "sha256-8Ike5HB9OQ5g12jxTSE30Atv4Nn6j8TtAF9P6NItzG8=",
        "owner": "google",
        "repo": "styleguide",
        "rev": "57ea449d44fef05f0b6ec4aa0d3e45a72ce3c1e5",
        "type": "github"
      },
      "original": {
        "owner": "google",
        "ref": "gh-pages",
        "repo": "styleguide",
        "type": "github"
      }
    },
    "nix2vim": {
      "inputs": {
        "flake-utils": [
          "flake-utils"
        ],
        "nixpkgs": [
          "nixpkgs"
        ]
      },
      "locked": {
        "lastModified": 1718621825,
        "narHash": "sha256-bSfjwRgKKpLyjEDPRAF1hlJKc7QDoqopalHwNCB/eAA=",
        "owner": "gytis-ivaskevicius",
        "repo": "nix2vim",
        "rev": "1db11dbf8a4d124e02244fa5c4ff219b672a8e5b",
        "type": "github"
      },
      "original": {
        "owner": "gytis-ivaskevicius",
        "repo": "nix2vim",
        "type": "github"
      }
    },
    "nixpkgs": {
      "locked": {
        "lastModified": 1721782431,
        "narHash": "sha256-UNDpwjYxNXQet/g3mgRLsQ9zxrbm9j2JEvP4ijF3AWs=",
        "owner": "NixOS",
        "repo": "nixpkgs",
        "rev": "4f02464258baaf54992debfd010a7a3662a25536",
        "type": "github"
      },
      "original": {
        "id": "nixpkgs",
        "ref": "nixpkgs-unstable",
        "type": "indirect"
      }
    },
    "root": {
      "inputs": {
        "flake-utils": "flake-utils",
        "google-styleguide": "google-styleguide",
        "nix2vim": "nix2vim",
        "nixpkgs": "nixpkgs"
      }
    },
    "systems": {
      "locked": {
        "lastModified": 1681028828,
        "narHash": "sha256-Vy1rq5AaRuLzOxct8nz4T6wlgyUR7zLU309k9mBC768=",
        "owner": "nix-systems",
        "repo": "default",
        "rev": "da67096a3b9bf56a91d16901293e51ba5b49a27e",
        "type": "github"
      },
      "original": {
        "owner": "nix-systems",
        "repo": "default",
        "type": "github"
      }
    }
  },
  "root": "root",
  "version": 7
}
